
Microsoft Visual Studio Solution File, Format Version 12.00
# Visual Studio 15
VisualStudioVersion = 15.0.27004.2008
MinimumVisualStudioVersion = 10.0.40219.1
Project("{FAE04EC0-301F-11D3-BF4B-00C04F79EFBC}") = "POS", "POS\POS.csproj", "{EF6CA9C2-949C-45CE-BA7B-C943E3E9D671}"
	ProjectSection(ProjectDependencies) = postProject
		{92783F25-A5DA-49C9-B3A4-474BB4648EB3} = {92783F25-A5DA-49C9-B3A4-474BB4648EB3}
		{4B925329-F8C2-4546-968B-4D9E010EC56D} = {4B925329-F8C2-4546-968B-4D9E010EC56D}
		{81743988-1EBF-42EC-812F-2574A4F0F3A3} = {81743988-1EBF-42EC-812F-2574A4F0F3A3}
	EndProjectSection
EndProject
Project("{FAE04EC0-301F-11D3-BF4B-00C04F79EFBC}") = "POS.Entities", "POS.Entities\POS.Entities.csproj", "{4B925329-F8C2-4546-968B-4D9E010EC56D}"
EndProject
Project("{FAE04EC0-301F-11D3-BF4B-00C04F79EFBC}") = "POS.Context", "POS.Context\POS.Context.csproj", "{92783F25-A5DA-49C9-B3A4-474BB4648EB3}"
EndProject
Project("{FAE04EC0-301F-11D3-BF4B-00C04F79EFBC}") = "POS.Mapping", "POS.Mapping\POS.Mapping.csproj", "{F3AC2858-0745-4A74-8B80-E09C32B48BA4}"
EndProject
Project("{FAE04EC0-301F-11D3-BF4B-00C04F79EFBC}") = "POS.Interfaces", "POS.Interfaces\POS.Interfaces.csproj", "{C25A12EF-ED7D-4E22-BF20-183B1A7040D4}"
EndProject
Project("{FAE04EC0-301F-11D3-BF4B-00C04F79EFBC}") = "POS.Repository", "POS.Repository\POS.Repository.csproj", "{81743988-1EBF-42EC-812F-2574A4F0F3A3}"
EndProject
Project("{FAE04EC0-301F-11D3-BF4B-00C04F79EFBC}") = "POS.Test", "POS.Test\POS.Test.csproj", "{74E6E779-C8D4-43A6-B64E-ECB612E30E06}"
EndProject
Project("{FAE04EC0-301F-11D3-BF4B-00C04F79EFBC}") = "POS.AzureWebService", "POS.AzureWebService\POS.AzureWebService.csproj", "{7AFBB4F1-8556-43D1-A1C9-2715CE59A218}"
EndProject
Project("{FAE04EC0-301F-11D3-BF4B-00C04F79EFBC}") = "POS.WPFTest", "POS.WPFTest\POS.WPFTest.csproj", "{DCC37425-1B0C-4B69-8686-F5581C6AB139}"
EndProject
Project("{FAE04EC0-301F-11D3-BF4B-00C04F79EFBC}") = "POS.BusinessContext", "POS.Business\POS.BusinessContext.csproj", "{550F0920-C28B-4A76-A056-DC81666A5AD4}"
EndProject
Project("{54435603-DBB4-11D2-8724-00A0C9A8B90C}") = "POS.Installer", "POS.Installer\POS.Installer.vdproj", "{D6B30747-7448-4726-B669-364AB9B25EFD}"
EndProject
Global
	GlobalSection(SolutionConfigurationPlatforms) = preSolution
		Debug|Any CPU = Debug|Any CPU
		Release|Any CPU = Release|Any CPU
	EndGlobalSection
	GlobalSection(ProjectConfigurationPlatforms) = postSolution
		{EF6CA9C2-949C-45CE-BA7B-C943E3E9D671}.Debug|Any CPU.ActiveCfg = Debug|Any CPU
		{EF6CA9C2-949C-45CE-BA7B-C943E3E9D671}.Debug|Any CPU.Build.0 = Debug|Any CPU
		{EF6CA9C2-949C-45CE-BA7B-C943E3E9D671}.Release|Any CPU.ActiveCfg = Release|Any CPU
		{EF6CA9C2-949C-45CE-BA7B-C943E3E9D671}.Release|Any CPU.Build.0 = Release|Any CPU
		{4B925329-F8C2-4546-968B-4D9E010EC56D}.Debug|Any CPU.ActiveCfg = Debug|Any CPU
		{4B925329-F8C2-4546-968B-4D9E010EC56D}.Debug|Any CPU.Build.0 = Debug|Any CPU
		{4B925329-F8C2-4546-968B-4D9E010EC56D}.Release|Any CPU.ActiveCfg = Release|Any CPU
		{4B925329-F8C2-4546-968B-4D9E010EC56D}.Release|Any CPU.Build.0 = Release|Any CPU
		{92783F25-A5DA-49C9-B3A4-474BB4648EB3}.Debug|Any CPU.ActiveCfg = Debug|Any CPU
		{92783F25-A5DA-49C9-B3A4-474BB4648EB3}.Debug|Any CPU.Build.0 = Debug|Any CPU
		{92783F25-A5DA-49C9-B3A4-474BB4648EB3}.Release|Any CPU.ActiveCfg = Release|Any CPU
		{92783F25-A5DA-49C9-B3A4-474BB4648EB3}.Release|Any CPU.Build.0 = Release|Any CPU
		{F3AC2858-0745-4A74-8B80-E09C32B48BA4}.Debug|Any CPU.ActiveCfg = Debug|Any CPU
		{F3AC2858-0745-4A74-8B80-E09C32B48BA4}.Debug|Any CPU.Build.0 = Debug|Any CPU
		{F3AC2858-0745-4A74-8B80-E09C32B48BA4}.Release|Any CPU.ActiveCfg = Release|Any CPU
		{F3AC2858-0745-4A74-8B80-E09C32B48BA4}.Release|Any CPU.Build.0 = Release|Any CPU
		{C25A12EF-ED7D-4E22-BF20-183B1A7040D4}.Debug|Any CPU.ActiveCfg = Debug|Any CPU
		{C25A12EF-ED7D-4E22-BF20-183B1A7040D4}.Debug|Any CPU.Build.0 = Debug|Any CPU
		{C25A12EF-ED7D-4E22-BF20-183B1A7040D4}.Release|Any CPU.ActiveCfg = Release|Any CPU
		{C25A12EF-ED7D-4E22-BF20-183B1A7040D4}.Release|Any CPU.Build.0 = Release|Any CPU
		{81743988-1EBF-42EC-812F-2574A4F0F3A3}.Debug|Any CPU.ActiveCfg = Debug|Any CPU
		{81743988-1EBF-42EC-812F-2574A4F0F3A3}.Debug|Any CPU.Build.0 = Debug|Any CPU
		{81743988-1EBF-42EC-812F-2574A4F0F3A3}.Release|Any CPU.ActiveCfg = Release|Any CPU
		{81743988-1EBF-42EC-812F-2574A4F0F3A3}.Release|Any CPU.Build.0 = Release|Any CPU
		{74E6E779-C8D4-43A6-B64E-ECB612E30E06}.Debug|Any CPU.ActiveCfg = Debug|Any CPU
		{74E6E779-C8D4-43A6-B64E-ECB612E30E06}.Debug|Any CPU.Build.0 = Debug|Any CPU
		{74E6E779-C8D4-43A6-B64E-ECB612E30E06}.Release|Any CPU.ActiveCfg = Release|Any CPU
		{74E6E779-C8D4-43A6-B64E-ECB612E30E06}.Release|Any CPU.Build.0 = Release|Any CPU
		{7AFBB4F1-8556-43D1-A1C9-2715CE59A218}.Debug|Any CPU.ActiveCfg = Debug|Any CPU
		{7AFBB4F1-8556-43D1-A1C9-2715CE59A218}.Debug|Any CPU.Build.0 = Debug|Any CPU
		{7AFBB4F1-8556-43D1-A1C9-2715CE59A218}.Release|Any CPU.ActiveCfg = Release|Any CPU
		{7AFBB4F1-8556-43D1-A1C9-2715CE59A218}.Release|Any CPU.Build.0 = Release|Any CPU
		{DCC37425-1B0C-4B69-8686-F5581C6AB139}.Debug|Any CPU.ActiveCfg = Debug|Any CPU
		{DCC37425-1B0C-4B69-8686-F5581C6AB139}.Debug|Any CPU.Build.0 = Debug|Any CPU
		{DCC37425-1B0C-4B69-8686-F5581C6AB139}.Release|Any CPU.ActiveCfg = Release|Any CPU
		{DCC37425-1B0C-4B69-8686-F5581C6AB139}.Release|Any CPU.Build.0 = Release|Any CPU
		{550F0920-C28B-4A76-A056-DC81666A5AD4}.Debug|Any CPU.ActiveCfg = Debug|Any CPU
		{550F0920-C28B-4A76-A056-DC81666A5AD4}.Debug|Any CPU.Build.0 = Debug|Any CPU
		{550F0920-C28B-4A76-A056-DC81666A5AD4}.Release|Any CPU.ActiveCfg = Release|Any CPU
		{550F0920-C28B-4A76-A056-DC81666A5AD4}.Release|Any CPU.Build.0 = Release|Any CPU
		{D6B30747-7448-4726-B669-364AB9B25EFD}.Debug|Any CPU.ActiveCfg = Debug
		{D6B30747-7448-4726-B669-364AB9B25EFD}.Release|Any CPU.ActiveCfg = Release
	EndGlobalSection
	GlobalSection(SolutionProperties) = preSolution
		HideSolutionNode = FALSE
	EndGlobalSection
	GlobalSection(ExtensibilityGlobals) = postSolution
		SolutionGuid = {F5AE59DA-19BB-432E-88B8-0F9906AD6AC9}
	EndGlobalSection
EndGlobal
